
Microsoft Visual Studio Solution File, Format Version 12.00
# Visual Studio Version 17
VisualStudioVersion = 17.0.31903.59
MinimumVisualStudioVersion = 10.0.40219.1
Project("{FAE04EC0-301F-11D3-BF4B-00C04F79EFBC}") = "Biblioteca.Console", "Biblioteca.Console\Biblioteca.Console.csproj", "{23513E72-8674-4BD2-A220-CD24EEC20404}"
EndProject
Project("{FAE04EC0-301F-11D3-BF4B-00C04F79EFBC}") = "Biblioteca.Model", "Biblioteca.Model\Biblioteca.Model.csproj", "{1581A97C-8A15-4E6B-978D-574CEE0A00EF}"
EndProject
Global
	GlobalSection(SolutionConfigurationPlatforms) = preSolution
		Debug|Any CPU = Debug|Any CPU
		Debug|x64 = Debug|x64
		Debug|x86 = Debug|x86
		Release|Any CPU = Release|Any CPU
		Release|x64 = Release|x64
		Release|x86 = Release|x86
	EndGlobalSection
	GlobalSection(ProjectConfigurationPlatforms) = postSolution
		{23513E72-8674-4BD2-A220-CD24EEC20404}.Debug|Any CPU.ActiveCfg = Debug|Any CPU
		{23513E72-8674-4BD2-A220-CD24EEC20404}.Debug|Any CPU.Build.0 = Debug|Any CPU
		{23513E72-8674-4BD2-A220-CD24EEC20404}.Debug|x64.ActiveCfg = Debug|Any CPU
		{23513E72-8674-4BD2-A220-CD24EEC20404}.Debug|x64.Build.0 = Debug|Any CPU
		{23513E72-8674-4BD2-A220-CD24EEC20404}.Debug|x86.ActiveCfg = Debug|Any CPU
		{23513E72-8674-4BD2-A220-CD24EEC20404}.Debug|x86.Build.0 = Debug|Any CPU
		{23513E72-8674-4BD2-A220-CD24EEC20404}.Release|Any CPU.ActiveCfg = Release|Any CPU
		{23513E72-8674-4BD2-A220-CD24EEC20404}.Release|Any CPU.Build.0 = Release|Any CPU
		{23513E72-8674-4BD2-A220-CD24EEC20404}.Release|x64.ActiveCfg = Release|Any CPU
		{23513E72-8674-4BD2-A220-CD24EEC20404}.Release|x64.Build.0 = Release|Any CPU
		{23513E72-8674-4BD2-A220-CD24EEC20404}.Release|x86.ActiveCfg = Release|Any CPU
		{23513E72-8674-4BD2-A220-CD24EEC20404}.Release|x86.Build.0 = Release|Any CPU
		{1581A97C-8A15-4E6B-978D-574CEE0A00EF}.Debug|Any CPU.ActiveCfg = Debug|Any CPU
		{1581A97C-8A15-4E6B-978D-574CEE0A00EF}.Debug|Any CPU.Build.0 = Debug|Any CPU
		{1581A97C-8A15-4E6B-978D-574CEE0A00EF}.Debug|x64.ActiveCfg = Debug|Any CPU
		{1581A97C-8A15-4E6B-978D-574CEE0A00EF}.Debug|x64.Build.0 = Debug|Any CPU
		{1581A97C-8A15-4E6B-978D-574CEE0A00EF}.Debug|x86.ActiveCfg = Debug|Any CPU
		{1581A97C-8A15-4E6B-978D-574CEE0A00EF}.Debug|x86.Build.0 = Debug|Any CPU
		{1581A97C-8A15-4E6B-978D-574CEE0A00EF}.Release|Any CPU.ActiveCfg = Release|Any CPU
		{1581A97C-8A15-4E6B-978D-574CEE0A00EF}.Release|Any CPU.Build.0 = Release|Any CPU
		{1581A97C-8A15-4E6B-978D-574CEE0A00EF}.Release|x64.ActiveCfg = Release|Any CPU
		{1581A97C-8A15-4E6B-978D-574CEE0A00EF}.Release|x64.Build.0 = Release|Any CPU
		{1581A97C-8A15-4E6B-978D-574CEE0A00EF}.Release|x86.ActiveCfg = Release|Any CPU
		{1581A97C-8A15-4E6B-978D-574CEE0A00EF}.Release|x86.Build.0 = Release|Any CPU
	EndGlobalSection
	GlobalSection(SolutionProperties) = preSolution
		HideSolutionNode = FALSE
	EndGlobalSection
EndGlobal
